
Microsoft Visual Studio Solution File, Format Version 12.00
# Visual Studio Version 17
VisualStudioVersion = 17.11.35431.28
MinimumVisualStudioVersion = 10.0.40219.1
Project("{2150E333-8FDC-42A3-9474-1A3956D46DE8}") = "Services", "Services", "{B7F4358F-4615-4AB3-B078-DA0C157E0D6D}"
EndProject
Project("{2150E333-8FDC-42A3-9474-1A3956D46DE8}") = "Catalog", "Catalog", "{36AFD59A-E031-4E0D-BB4E-E19CF3D05EBE}"
EndProject
Project("{9A19103F-16F7-4668-BE54-9A1E7A4F7556}") = "Catalog.API", "Services\Catalog\Catalog.API\Catalog.API.csproj", "{CE881D6F-46B0-4BFD-9B21-41EB1D79BE99}"
EndProject
Project("{2150E333-8FDC-42A3-9474-1A3956D46DE8}") = "BuildingBlocks", "BuildingBlocks", "{7B19096D-6688-4D79-A4CC-2CB77915CF76}"
EndProject
Project("{9A19103F-16F7-4668-BE54-9A1E7A4F7556}") = "BuildingBlocks", "BuildingBlocks\BuildingBlocks\BuildingBlocks.csproj", "{4DB6CA55-1F96-441D-B043-0CA73D826EFB}"
EndProject
Project("{E53339B2-1760-4266-BCC7-CA923CBCF16C}") = "docker-compose", "docker-compose.dcproj", "{0A5C4C03-0A6B-4D09-9E0A-778BD56D3AD7}"
EndProject
Project("{2150E333-8FDC-42A3-9474-1A3956D46DE8}") = "Basket", "Basket", "{24DF1EC2-4C38-4D91-9518-05DC5990BAFA}"
EndProject
Project("{9A19103F-16F7-4668-BE54-9A1E7A4F7556}") = "Basket.API", "Services\Basket\Basket.API\Basket.API.csproj", "{2FD23B33-F353-4C30-B425-29DA400384A5}"
EndProject
Project("{2150E333-8FDC-42A3-9474-1A3956D46DE8}") = "Discount", "Discount", "{0CC77E9B-66AC-42EF-A5F7-727FD4E71308}"
EndProject
Project("{FAE04EC0-301F-11D3-BF4B-00C04F79EFBC}") = "Discount.Grpc", "Services\Discount\Discount.Grpc\Discount.Grpc.csproj", "{B90498F5-F602-48DE-B3D7-56897B7F6E90}"
EndProject
Project("{2150E333-8FDC-42A3-9474-1A3956D46DE8}") = "Ordering", "Ordering", "{F5863F56-C24C-4F6B-8A1E-BA82235E02D2}"
EndProject
Project("{FAE04EC0-301F-11D3-BF4B-00C04F79EFBC}") = "Ordering.API", "Services\Ordering\Ordering.API\Ordering.API.csproj", "{AEE4E395-D66F-42C3-ADAD-3A46F5F39CBF}"
EndProject
Project("{FAE04EC0-301F-11D3-BF4B-00C04F79EFBC}") = "Ordering.Domain", "Services\Ordering\Ordering.Domain\Ordering.Domain.csproj", "{4C0C5E6D-6678-4C93-9507-002F4D4BE43E}"
EndProject
Project("{FAE04EC0-301F-11D3-BF4B-00C04F79EFBC}") = "Ordering.Application", "Services\Ordering\Ordering.Application\Ordering.Application.csproj", "{B1A95AA7-76AC-468B-8CF7-40BEA2540F31}"
EndProject
Project("{FAE04EC0-301F-11D3-BF4B-00C04F79EFBC}") = "Ordering.Infrastructure", "Services\Ordering\Ordering.Infrastructure\Ordering.Infrastructure.csproj", "{1FBC0995-FEE1-4FBE-B90A-454A825B92D0}"
EndProject
Project("{FAE04EC0-301F-11D3-BF4B-00C04F79EFBC}") = "BuildingBlocks.Messaging", "BuildingBlocks\BuildingBlocks.Messaging\BuildingBlocks.Messaging.csproj", "{FB062D97-3D64-46CF-8227-9FEC355E71E0}"
EndProject
Project("{2150E333-8FDC-42A3-9474-1A3956D46DE8}") = "ApiGateways", "ApiGateways", "{BE216637-0BCF-45A5-8A9F-164AE80872D3}"
EndProject
Project("{FAE04EC0-301F-11D3-BF4B-00C04F79EFBC}") = "YarpApiGateway", "ApiGateways\YarpApiGateway\YarpApiGateway.csproj", "{D0F2BA05-15FC-4CFD-ABE3-16A8E8A7CFED}"
EndProject
Global
	GlobalSection(SolutionConfigurationPlatforms) = preSolution
		Debug|Any CPU = Debug|Any CPU
		Release|Any CPU = Release|Any CPU
	EndGlobalSection
	GlobalSection(ProjectConfigurationPlatforms) = postSolution
		{CE881D6F-46B0-4BFD-9B21-41EB1D79BE99}.Debug|Any CPU.ActiveCfg = Debug|Any CPU
		{CE881D6F-46B0-4BFD-9B21-41EB1D79BE99}.Debug|Any CPU.Build.0 = Debug|Any CPU
		{CE881D6F-46B0-4BFD-9B21-41EB1D79BE99}.Release|Any CPU.ActiveCfg = Release|Any CPU
		{CE881D6F-46B0-4BFD-9B21-41EB1D79BE99}.Release|Any CPU.Build.0 = Release|Any CPU
		{4DB6CA55-1F96-441D-B043-0CA73D826EFB}.Debug|Any CPU.ActiveCfg = Debug|Any CPU
		{4DB6CA55-1F96-441D-B043-0CA73D826EFB}.Debug|Any CPU.Build.0 = Debug|Any CPU
		{4DB6CA55-1F96-441D-B043-0CA73D826EFB}.Release|Any CPU.ActiveCfg = Release|Any CPU
		{4DB6CA55-1F96-441D-B043-0CA73D826EFB}.Release|Any CPU.Build.0 = Release|Any CPU
		{0A5C4C03-0A6B-4D09-9E0A-778BD56D3AD7}.Debug|Any CPU.ActiveCfg = Debug|Any CPU
		{0A5C4C03-0A6B-4D09-9E0A-778BD56D3AD7}.Debug|Any CPU.Build.0 = Debug|Any CPU
		{0A5C4C03-0A6B-4D09-9E0A-778BD56D3AD7}.Release|Any CPU.ActiveCfg = Release|Any CPU
		{0A5C4C03-0A6B-4D09-9E0A-778BD56D3AD7}.Release|Any CPU.Build.0 = Release|Any CPU
		{2FD23B33-F353-4C30-B425-29DA400384A5}.Debug|Any CPU.ActiveCfg = Debug|Any CPU
		{2FD23B33-F353-4C30-B425-29DA400384A5}.Debug|Any CPU.Build.0 = Debug|Any CPU
		{2FD23B33-F353-4C30-B425-29DA400384A5}.Release|Any CPU.ActiveCfg = Release|Any CPU
		{2FD23B33-F353-4C30-B425-29DA400384A5}.Release|Any CPU.Build.0 = Release|Any CPU
		{B90498F5-F602-48DE-B3D7-56897B7F6E90}.Debug|Any CPU.ActiveCfg = Debug|Any CPU
		{B90498F5-F602-48DE-B3D7-56897B7F6E90}.Debug|Any CPU.Build.0 = Debug|Any CPU
		{B90498F5-F602-48DE-B3D7-56897B7F6E90}.Release|Any CPU.ActiveCfg = Release|Any CPU
		{B90498F5-F602-48DE-B3D7-56897B7F6E90}.Release|Any CPU.Build.0 = Release|Any CPU
		{AEE4E395-D66F-42C3-ADAD-3A46F5F39CBF}.Debug|Any CPU.ActiveCfg = Debug|Any CPU
		{AEE4E395-D66F-42C3-ADAD-3A46F5F39CBF}.Debug|Any CPU.Build.0 = Debug|Any CPU
		{AEE4E395-D66F-42C3-ADAD-3A46F5F39CBF}.Release|Any CPU.ActiveCfg = Release|Any CPU
		{AEE4E395-D66F-42C3-ADAD-3A46F5F39CBF}.Release|Any CPU.Build.0 = Release|Any CPU
		{4C0C5E6D-6678-4C93-9507-002F4D4BE43E}.Debug|Any CPU.ActiveCfg = Debug|Any CPU
		{4C0C5E6D-6678-4C93-9507-002F4D4BE43E}.Debug|Any CPU.Build.0 = Debug|Any CPU
		{4C0C5E6D-6678-4C93-9507-002F4D4BE43E}.Release|Any CPU.ActiveCfg = Release|Any CPU
		{4C0C5E6D-6678-4C93-9507-002F4D4BE43E}.Release|Any CPU.Build.0 = Release|Any CPU
		{B1A95AA7-76AC-468B-8CF7-40BEA2540F31}.Debug|Any CPU.ActiveCfg = Debug|Any CPU
		{B1A95AA7-76AC-468B-8CF7-40BEA2540F31}.Debug|Any CPU.Build.0 = Debug|Any CPU
		{B1A95AA7-76AC-468B-8CF7-40BEA2540F31}.Release|Any CPU.ActiveCfg = Release|Any CPU
		{B1A95AA7-76AC-468B-8CF7-40BEA2540F31}.Release|Any CPU.Build.0 = Release|Any CPU
		{1FBC0995-FEE1-4FBE-B90A-454A825B92D0}.Debug|Any CPU.ActiveCfg = Debug|Any CPU
		{1FBC0995-FEE1-4FBE-B90A-454A825B92D0}.Debug|Any CPU.Build.0 = Debug|Any CPU
		{1FBC0995-FEE1-4FBE-B90A-454A825B92D0}.Release|Any CPU.ActiveCfg = Release|Any CPU
		{1FBC0995-FEE1-4FBE-B90A-454A825B92D0}.Release|Any CPU.Build.0 = Release|Any CPU
		{FB062D97-3D64-46CF-8227-9FEC355E71E0}.Debug|Any CPU.ActiveCfg = Debug|Any CPU
		{FB062D97-3D64-46CF-8227-9FEC355E71E0}.Debug|Any CPU.Build.0 = Debug|Any CPU
		{FB062D97-3D64-46CF-8227-9FEC355E71E0}.Release|Any CPU.ActiveCfg = Release|Any CPU
		{FB062D97-3D64-46CF-8227-9FEC355E71E0}.Release|Any CPU.Build.0 = Release|Any CPU
		{D0F2BA05-15FC-4CFD-ABE3-16A8E8A7CFED}.Debug|Any CPU.ActiveCfg = Debug|Any CPU
		{D0F2BA05-15FC-4CFD-ABE3-16A8E8A7CFED}.Debug|Any CPU.Build.0 = Debug|Any CPU
		{D0F2BA05-15FC-4CFD-ABE3-16A8E8A7CFED}.Release|Any CPU.ActiveCfg = Release|Any CPU
		{D0F2BA05-15FC-4CFD-ABE3-16A8E8A7CFED}.Release|Any CPU.Build.0 = Release|Any CPU
	EndGlobalSection
	GlobalSection(SolutionProperties) = preSolution
		HideSolutionNode = FALSE
	EndGlobalSection
	GlobalSection(NestedProjects) = preSolution
		{36AFD59A-E031-4E0D-BB4E-E19CF3D05EBE} = {B7F4358F-4615-4AB3-B078-DA0C157E0D6D}
		{CE881D6F-46B0-4BFD-9B21-41EB1D79BE99} = {36AFD59A-E031-4E0D-BB4E-E19CF3D05EBE}
		{4DB6CA55-1F96-441D-B043-0CA73D826EFB} = {7B19096D-6688-4D79-A4CC-2CB77915CF76}
		{24DF1EC2-4C38-4D91-9518-05DC5990BAFA} = {B7F4358F-4615-4AB3-B078-DA0C157E0D6D}
		{2FD23B33-F353-4C30-B425-29DA400384A5} = {24DF1EC2-4C38-4D91-9518-05DC5990BAFA}
		{0CC77E9B-66AC-42EF-A5F7-727FD4E71308} = {B7F4358F-4615-4AB3-B078-DA0C157E0D6D}
		{B90498F5-F602-48DE-B3D7-56897B7F6E90} = {0CC77E9B-66AC-42EF-A5F7-727FD4E71308}
		{F5863F56-C24C-4F6B-8A1E-BA82235E02D2} = {B7F4358F-4615-4AB3-B078-DA0C157E0D6D}
		{AEE4E395-D66F-42C3-ADAD-3A46F5F39CBF} = {F5863F56-C24C-4F6B-8A1E-BA82235E02D2}
		{4C0C5E6D-6678-4C93-9507-002F4D4BE43E} = {F5863F56-C24C-4F6B-8A1E-BA82235E02D2}
		{B1A95AA7-76AC-468B-8CF7-40BEA2540F31} = {F5863F56-C24C-4F6B-8A1E-BA82235E02D2}
		{1FBC0995-FEE1-4FBE-B90A-454A825B92D0} = {F5863F56-C24C-4F6B-8A1E-BA82235E02D2}
		{FB062D97-3D64-46CF-8227-9FEC355E71E0} = {7B19096D-6688-4D79-A4CC-2CB77915CF76}
		{D0F2BA05-15FC-4CFD-ABE3-16A8E8A7CFED} = {BE216637-0BCF-45A5-8A9F-164AE80872D3}
	EndGlobalSection
	GlobalSection(ExtensibilityGlobals) = postSolution
		SolutionGuid = {905B551F-5CD9-4F8D-A7D9-8990F24352CA}
	EndGlobalSection
EndGlobal
